
Microsoft Visual Studio Solution File, Format Version 11.00
# Visual Studio 2010
Project("{8BC9CEB8-8B4A-11D0-8D11-00A0C91BC942}") = "DocGenerator", "Source\Project.vcxproj", "{9F87A6BF-269D-499B-A5B0-EA61445FDD50}"
	ProjectSection(ProjectDependencies) = postProject
		{35D4371C-B7A6-4FC4-ABA3-0BE750125CE3} = {35D4371C-B7A6-4FC4-ABA3-0BE750125CE3}
		{B45F9232-8734-47EA-AC16-29F418D6D676} = {B45F9232-8734-47EA-AC16-29F418D6D676}
		{B45F9232-8734-48EA-AC16-29F41866D676} = {B45F9232-8734-48EA-AC16-29F41866D676}
		{767A1157-B18F-478E-B580-F6F624F9282A} = {767A1157-B18F-478E-B580-F6F624F9282A}
		{3A62CE69-835E-4D16-86C2-5326625A18BC} = {3A62CE69-835E-4D16-86C2-5326625A18BC}
	EndProjectSection
EndProject
Project("{8BC9CEB8-8B4A-11D0-8D11-00A0C91BC942}") = "TinyXml", "TinyXml\TinyXml.vcxproj", "{81266CB3-406E-4F01-9DAA-B99B6E1B0DDC}"
EndProject
Project("{8BC9CEB8-8B4A-11D0-8D11-00A0C91BC942}") = "Engine", "%ZERO_SOURCE%\Systems\Engine\Engine.vcxproj", "{B45F9232-8734-48EA-AC16-29F41866D676}"
EndProject
Project("{8BC9CEB8-8B4A-11D0-8D11-00A0C91BC942}") = "Serialization", "%ZERO_SOURCE%\Libraries\Serialization\Serialization.vcxproj", "{35D4371C-B7A6-4FC4-ABA3-0BE750125CE3}"
EndProject
Project("{8BC9CEB8-8B4A-11D0-8D11-00A0C91BC942}") = "Meta", "%ZERO_SOURCE%\Systems\Meta\Meta.vcxproj", "{B45F9232-8734-47EA-AC16-29F418D6D676}"
EndProject
Project("{8BC9CEB8-8B4A-11D0-8D11-00A0C91BC942}") = "Math", "%ZERO_SOURCE%\Libraries\Math\Math.vcxproj", "{767A1157-B18F-478E-B580-F6F624F9282A}"
EndProject
Project("{8BC9CEB8-8B4A-11D0-8D11-00A0C91BC942}") = "Common", "%ZERO_SOURCE%\Libraries\Common\Common.vcxproj", "{3A62CE69-835E-4D16-86C2-5326625A18BC}"
EndProject
Project("{8BC9CEB8-8B4A-11D0-8D11-00A0C91BC942}") = "Support", "%ZERO_SOURCE%\Libraries\Support\Support.vcxproj", "{767A1057-B18F-478E-B480-F6F624F9282A}"
EndProject
Project("{8BC9CEB8-8B4A-11D0-8D11-00A0C91BC942}") = "WindowsPlatform", "%ZERO_SOURCE%\Libraries\Platform\Windows\WindowsPlatform.vcxproj", "{DBE8E33A-7E70-402C-BCF6-D1EFEE93FA76}"
EndProject
Project("{8BC9CEB8-8B4A-11D0-8D11-00A0C91BC942}") = "Content", "%ZERO_SOURCE%\Systems\Content\Content.vcxproj", "{E19019F5-9C2C-4329-AAB5-DB28E39CC0F2}"
EndProject
Project("{8BC9CEB8-8B4A-11D0-8D11-00A0C91BC942}") = "Geometrics", "%ZERO_SOURCE%\Libraries\Geometrics\Geometrics.vcxproj", "{787F598D-F96E-48F5-8075-25D31FC7ED60}"
EndProject
Project("{8BC9CEB8-8B4A-11D0-8D11-00A0C91BC942}") = "libcurl", "curl\lib\vc6libcurl.vcxproj", "{CEFF3501-192F-D4E1-26E6-073C783DA0B0}"
EndProject
Global
	GlobalSection(SolutionConfigurationPlatforms) = preSolution
		Debug|Win32 = Debug|Win32
		Release|Win32 = Release|Win32
	EndGlobalSection
	GlobalSection(ProjectConfigurationPlatforms) = postSolution
		{9F87A6BF-269D-499B-A5B0-EA61445FDD50}.Debug|Win32.ActiveCfg = Debug|Win32
		{9F87A6BF-269D-499B-A5B0-EA61445FDD50}.Debug|Win32.Build.0 = Debug|Win32
		{9F87A6BF-269D-499B-A5B0-EA61445FDD50}.Release|Win32.ActiveCfg = Release|Win32
		{9F87A6BF-269D-499B-A5B0-EA61445FDD50}.Release|Win32.Build.0 = Release|Win32
		{81266CB3-406E-4F01-9DAA-B99B6E1B0DDC}.Debug|Win32.ActiveCfg = Debug|Win32
		{81266CB3-406E-4F01-9DAA-B99B6E1B0DDC}.Debug|Win32.Build.0 = Debug|Win32
		{81266CB3-406E-4F01-9DAA-B99B6E1B0DDC}.Release|Win32.ActiveCfg = Release|Win32
		{81266CB3-406E-4F01-9DAA-B99B6E1B0DDC}.Release|Win32.Build.0 = Release|Win32
		{B45F9232-8734-48EA-AC16-29F41866D676}.Debug|Win32.ActiveCfg = Debug|Win32
		{B45F9232-8734-48EA-AC16-29F41866D676}.Debug|Win32.Build.0 = Debug|Win32
		{B45F9232-8734-48EA-AC16-29F41866D676}.Release|Win32.ActiveCfg = Release|Win32
		{B45F9232-8734-48EA-AC16-29F41866D676}.Release|Win32.Build.0 = Release|Win32
		{35D4371C-B7A6-4FC4-ABA3-0BE750125CE3}.Debug|Win32.ActiveCfg = Debug|Win32
		{35D4371C-B7A6-4FC4-ABA3-0BE750125CE3}.Debug|Win32.Build.0 = Debug|Win32
		{35D4371C-B7A6-4FC4-ABA3-0BE750125CE3}.Release|Win32.ActiveCfg = Release|Win32
		{35D4371C-B7A6-4FC4-ABA3-0BE750125CE3}.Release|Win32.Build.0 = Release|Win32
		{B45F9232-8734-47EA-AC16-29F418D6D676}.Debug|Win32.ActiveCfg = Debug|Win32
		{B45F9232-8734-47EA-AC16-29F418D6D676}.Debug|Win32.Build.0 = Debug|Win32
		{B45F9232-8734-47EA-AC16-29F418D6D676}.Release|Win32.ActiveCfg = Release|Win32
		{B45F9232-8734-47EA-AC16-29F418D6D676}.Release|Win32.Build.0 = Release|Win32
		{767A1157-B18F-478E-B580-F6F624F9282A}.Debug|Win32.ActiveCfg = Debug|Win32
		{767A1157-B18F-478E-B580-F6F624F9282A}.Debug|Win32.Build.0 = Debug|Win32
		{767A1157-B18F-478E-B580-F6F624F9282A}.Release|Win32.ActiveCfg = Release|Win32
		{767A1157-B18F-478E-B580-F6F624F9282A}.Release|Win32.Build.0 = Release|Win32
		{3A62CE69-835E-4D16-86C2-5326625A18BC}.Debug|Win32.ActiveCfg = Debug|Win32
		{3A62CE69-835E-4D16-86C2-5326625A18BC}.Debug|Win32.Build.0 = Debug|Win32
		{3A62CE69-835E-4D16-86C2-5326625A18BC}.Release|Win32.ActiveCfg = Release|Win32
		{3A62CE69-835E-4D16-86C2-5326625A18BC}.Release|Win32.Build.0 = Release|Win32
		{767A1057-B18F-478E-B480-F6F624F9282A}.Debug|Win32.ActiveCfg = Debug|Win32
		{767A1057-B18F-478E-B480-F6F624F9282A}.Debug|Win32.Build.0 = Debug|Win32
		{767A1057-B18F-478E-B480-F6F624F9282A}.Release|Win32.ActiveCfg = Release|Win32
		{767A1057-B18F-478E-B480-F6F624F9282A}.Release|Win32.Build.0 = Release|Win32
		{DBE8E33A-7E70-402C-BCF6-D1EFEE93FA76}.Debug|Win32.ActiveCfg = Debug|Win32
		{DBE8E33A-7E70-402C-BCF6-D1EFEE93FA76}.Debug|Win32.Build.0 = Debug|Win32
		{DBE8E33A-7E70-402C-BCF6-D1EFEE93FA76}.Release|Win32.ActiveCfg = Release|Win32
		{DBE8E33A-7E70-402C-BCF6-D1EFEE93FA76}.Release|Win32.Build.0 = Release|Win32
		{E19019F5-9C2C-4329-AAB5-DB28E39CC0F2}.Debug|Win32.ActiveCfg = Debug|Win32
		{E19019F5-9C2C-4329-AAB5-DB28E39CC0F2}.Debug|Win32.Build.0 = Debug|Win32
		{E19019F5-9C2C-4329-AAB5-DB28E39CC0F2}.Release|Win32.ActiveCfg = Release|Win32
		{E19019F5-9C2C-4329-AAB5-DB28E39CC0F2}.Release|Win32.Build.0 = Release|Win32
		{787F598D-F96E-48F5-8075-25D31FC7ED60}.Debug|Win32.ActiveCfg = Debug|Win32
		{787F598D-F96E-48F5-8075-25D31FC7ED60}.Debug|Win32.Build.0 = Debug|Win32
		{787F598D-F96E-48F5-8075-25D31FC7ED60}.Release|Win32.ActiveCfg = Release|Win32
		{787F598D-F96E-48F5-8075-25D31FC7ED60}.Release|Win32.Build.0 = Release|Win32
		{CEFF3501-192F-D4E1-26E6-073C783DA0B0}.Debug|Win32.ActiveCfg = Debug|Win32
		{CEFF3501-192F-D4E1-26E6-073C783DA0B0}.Debug|Win32.Build.0 = Debug|Win32
		{CEFF3501-192F-D4E1-26E6-073C783DA0B0}.Release|Win32.ActiveCfg = Release|Win32
		{CEFF3501-192F-D4E1-26E6-073C783DA0B0}.Release|Win32.Build.0 = Release|Win32
	EndGlobalSection
	GlobalSection(SolutionProperties) = preSolution
		HideSolutionNode = FALSE
	EndGlobalSection
EndGlobal
