
Microsoft Visual Studio Solution File, Format Version 12.00
# Visual Studio 14
VisualStudioVersion = 14.0.25420.1
MinimumVisualStudioVersion = 10.0.40219.1
Project("{FAE04EC0-301F-11D3-BF4B-00C04F79EFBC}") = "BuildInstall", "BuildMaker\BuildInstall\BuildInstall.csproj", "{794091F8-0525-45D6-BC83-F57D74EAAED6}"
EndProject
Project("{FAE04EC0-301F-11D3-BF4B-00C04F79EFBC}") = "FogLampz", "BuildMaker\FogLampz\FogLampz.csproj", "{B02DD64B-E35F-47ED-AB64-89C640CEF087}"
EndProject
Project("{2150E333-8FDC-42A3-9474-1A3956D46DE8}") = "BuildMaker", "BuildMaker", "{7B55EEC2-370E-4428-9635-4F369CB5528B}"
EndProject
Project("{2150E333-8FDC-42A3-9474-1A3956D46DE8}") = "ErrorDialog", "ErrorDialog", "{3CA7A051-B49D-4428-8091-D0806ED51736}"
EndProject
Project("{FAE04EC0-301F-11D3-BF4B-00C04F79EFBC}") = "ErrorDialog", "ErrorDialog\ErrorDialog.csproj", "{7D54B8C6-15C0-4AF3-BD00-F6F687611405}"
EndProject
Project("{2150E333-8FDC-42A3-9474-1A3956D46DE8}") = "ImageDiffer", "ImageDiffer", "{797041EE-A902-4736-BD14-B31477575EA7}"
EndProject
Project("{8BC9CEB8-8B4A-11D0-8D11-00A0C91BC942}") = "ImageDiffer", "ImageDiffer\ImageDiffer\ImageDiffer.vcxproj", "{9A6E4795-3B62-468F-8B03-DA9FEA6B464C}"
EndProject
Project("{8BC9CEB8-8B4A-11D0-8D11-00A0C91BC942}") = "SharedUtilities", "ImageDiffer\SharedUtilities\SharedUtilities.vcxproj", "{9E1559FE-708C-4ADF-B302-EE0491C74FBE}"
EndProject
Project("{2150E333-8FDC-42A3-9474-1A3956D46DE8}") = "IntersectionGenerator", "IntersectionGenerator", "{0E64CB1E-FCD8-4C0E-8613-9E4EE94E4FDC}"
EndProject
Project("{8BC9CEB8-8B4A-11D0-8D11-00A0C91BC942}") = "EnumDeclaration", "IntersectionGenerator\EnumDeclaration\EnumDeclaration.vcxproj", "{31EABB58-DEAB-4A59-91DC-CE7B18D5DC12}"
EndProject
Project("{8BC9CEB8-8B4A-11D0-8D11-00A0C91BC942}") = "IntersectionGenerator", "IntersectionGenerator\IntersectionGenerator\IntersectionGenerator.vcxproj", "{50A09666-C800-48B7-BCDF-7FF29F83155E}"
EndProject
Project("{8BC9CEB8-8B4A-11D0-8D11-00A0C91BC942}") = "SharedUtilities", "IntersectionGenerator\SharedUtilities\SharedUtilities.vcxproj", "{999CACA0-E417-4AC0-885A-3D210EC2DF0E}"
EndProject
Project("{2150E333-8FDC-42A3-9474-1A3956D46DE8}") = "SourceIndexer", "SourceIndexer", "{28A014EE-4E3F-4DDE-9D06-AB82419AE62D}"
EndProject
Project("{FAE04EC0-301F-11D3-BF4B-00C04F79EFBC}") = "SourceIndexer", "SourceIndexer\SourceIndexer\SourceIndexer.csproj", "{29F38801-DAC8-4DC6-98DA-2E28940C4073}"
EndProject
Project("{2150E333-8FDC-42A3-9474-1A3956D46DE8}") = "ZeroCrashHandler", "ZeroCrashHandler", "{CF73CEFA-F4F1-4778-9D87-5476DA466332}"
EndProject
Project("{FAE04EC0-301F-11D3-BF4B-00C04F79EFBC}") = "ZeroCrashHandler", "ZeroCrashHandler\ZeroCrashHandler\ZeroCrashHandler.csproj", "{CEF3DC4A-BDA7-4C74-A655-CB74511A1EC0}"
EndProject
Project("{2150E333-8FDC-42A3-9474-1A3956D46DE8}") = "ZeroDoc", "ZeroDoc", "{3594C2CE-E99A-4165-815D-B67817A9C23B}"
EndProject
Project("{8BC9CEB8-8B4A-11D0-8D11-00A0C91BC942}") = "TinyXml", "ZeroDoc\TinyXml\TinyXml.vcxproj", "{81266CB3-406E-4F01-9DAA-B99B6E1B0DDC}"
EndProject
Project("{8BC9CEB8-8B4A-11D0-8D11-00A0C91BC942}") = "DocGenerator", "ZeroDoc\Source\Project.vcxproj", "{9F87A6BF-269D-499B-A5B0-EA61445FDD50}"
EndProject
Project("{8BC9CEB8-8B4A-11D0-8D11-00A0C91BC942}") = "Engine", "..\Systems\Engine\Engine.vcxproj", "{B45F9232-8734-48EA-AC16-29F41866D676}"
EndProject
Project("{8BC9CEB8-8B4A-11D0-8D11-00A0C91BC942}") = "Serialization", "..\ExtensionLibraries\Serialization\Serialization.vcxproj", "{35D4371C-B7A6-4FC4-ABA3-0BE750125CE3}"
EndProject
Project("{8BC9CEB8-8B4A-11D0-8D11-00A0C91BC942}") = "Meta", "..\ExtensionLibraries\Meta\Meta.vcxproj", "{B45F9232-8734-47EA-AC16-29F418D6D676}"
EndProject
Project("{8BC9CEB8-8B4A-11D0-8D11-00A0C91BC942}") = "Support", "..\ExtensionLibraries\Support\Support.vcxproj", "{767A1057-B18F-478E-B480-F6F624F9282A}"
EndProject
Project("{8BC9CEB8-8B4A-11D0-8D11-00A0C91BC942}") = "Geometry", "..\ExtensionLibraries\Geometry\Geometry.vcxproj", "{787F598D-F96E-48F5-8075-25D31FC7ED60}"
EndProject
Project("{8BC9CEB8-8B4A-11D0-8D11-00A0C91BC942}") = "Content", "..\Systems\Content\Content.vcxproj", "{E19019F5-9C2C-4329-AAB5-DB28E39CC0F2}"
EndProject
Project("{8BC9CEB8-8B4A-11D0-8D11-00A0C91BC942}") = "Common", "..\ExtensionLibraries\StandardLibraries\Common\Common.vcxproj", "{3A62CE69-835E-4D16-86C2-5326625A18BC}"
EndProject
Project("{8BC9CEB8-8B4A-11D0-8D11-00A0C91BC942}") = "Math", "..\ExtensionLibraries\StandardLibraries\Math\Math.vcxproj", "{767A1157-B18F-478E-B580-F6F624F9282A}"
EndProject
Project("{8BC9CEB8-8B4A-11D0-8D11-00A0C91BC942}") = "Platform", "..\ExtensionLibraries\StandardLibraries\Platform\Platform.vcxproj", "{C26BF2C8-D6C3-441A-83AA-9BA656CDF41C}"
EndProject
Project("{8BC9CEB8-8B4A-11D0-8D11-00A0C91BC942}") = "WindowsPlatform", "..\ExtensionLibraries\StandardLibraries\Platform\Windows\WindowsPlatform.vcxproj", "{DBE8E33A-7E70-402C-BCF6-D1EFEE93FA76}"
EndProject
Project("{2150E333-8FDC-42A3-9474-1A3956D46DE8}") = "ZeroStandardLibraries", "ZeroStandardLibraries", "{CF477249-7B75-410A-AEC8-30B39724589B}"
EndProject
Project("{2150E333-8FDC-42A3-9474-1A3956D46DE8}") = "ZeroExtensionLibraries", "ZeroExtensionLibraries", "{146BC20D-E37B-4890-A2AD-BAA1F10A10FE}"
EndProject
Project("{2150E333-8FDC-42A3-9474-1A3956D46DE8}") = "ZeroSystems", "ZeroSystems", "{6CADF8C9-9976-48A9-B1E7-DA33B1691D91}"
EndProject
Project("{2150E333-8FDC-42A3-9474-1A3956D46DE8}") = "ZeroLauncherVersionIdUpdater", "ZeroLauncherVersionIdUpdater", "{EDAF8AA5-5985-46D9-91E7-03963201BC02}"
EndProject
Project("{FAE04EC0-301F-11D3-BF4B-00C04F79EFBC}") = "ZeroLauncherVersionIdUpdater", "ZeroLauncherVersionIdUpdater\ZeroLauncherVersionIdUpdater.csproj", "{7F8C9F5B-F221-4F5E-BC87-427059CEA20C}"
EndProject
Global
	GlobalSection(SolutionConfigurationPlatforms) = preSolution
		Debug|Any CPU = Debug|Any CPU
		Debug|Mixed Platforms = Debug|Mixed Platforms
		Debug|Win32 = Debug|Win32
		Debug|x64 = Debug|x64
		Debug|x86 = Debug|x86
		Production|Any CPU = Production|Any CPU
		Production|Mixed Platforms = Production|Mixed Platforms
		Production|Win32 = Production|Win32
		Production|x64 = Production|x64
		Production|x86 = Production|x86
		Release|Any CPU = Release|Any CPU
		Release|Mixed Platforms = Release|Mixed Platforms
		Release|Win32 = Release|Win32
		Release|x64 = Release|x64
		Release|x86 = Release|x86
	EndGlobalSection
	GlobalSection(ProjectConfigurationPlatforms) = postSolution
		{794091F8-0525-45D6-BC83-F57D74EAAED6}.Debug|Any CPU.ActiveCfg = Debug|x86
		{794091F8-0525-45D6-BC83-F57D74EAAED6}.Debug|Mixed Platforms.ActiveCfg = Debug|x86
		{794091F8-0525-45D6-BC83-F57D74EAAED6}.Debug|Mixed Platforms.Build.0 = Debug|x86
		{794091F8-0525-45D6-BC83-F57D74EAAED6}.Debug|Win32.ActiveCfg = Debug|x86
		{794091F8-0525-45D6-BC83-F57D74EAAED6}.Debug|Win32.Build.0 = Debug|x86
		{794091F8-0525-45D6-BC83-F57D74EAAED6}.Debug|x64.ActiveCfg = Debug|x86
		{794091F8-0525-45D6-BC83-F57D74EAAED6}.Debug|x86.ActiveCfg = Debug|x86
		{794091F8-0525-45D6-BC83-F57D74EAAED6}.Debug|x86.Build.0 = Debug|x86
		{794091F8-0525-45D6-BC83-F57D74EAAED6}.Production|Any CPU.ActiveCfg = Release|x86
		{794091F8-0525-45D6-BC83-F57D74EAAED6}.Production|Mixed Platforms.ActiveCfg = Release|x86
		{794091F8-0525-45D6-BC83-F57D74EAAED6}.Production|Mixed Platforms.Build.0 = Release|x86
		{794091F8-0525-45D6-BC83-F57D74EAAED6}.Production|Win32.ActiveCfg = Release|x86
		{794091F8-0525-45D6-BC83-F57D74EAAED6}.Production|Win32.Build.0 = Release|x86
		{794091F8-0525-45D6-BC83-F57D74EAAED6}.Production|x64.ActiveCfg = Release|x86
		{794091F8-0525-45D6-BC83-F57D74EAAED6}.Production|x86.ActiveCfg = Release|x86
		{794091F8-0525-45D6-BC83-F57D74EAAED6}.Production|x86.Build.0 = Release|x86
		{794091F8-0525-45D6-BC83-F57D74EAAED6}.Release|Any CPU.ActiveCfg = Release|x86
		{794091F8-0525-45D6-BC83-F57D74EAAED6}.Release|Mixed Platforms.ActiveCfg = Release|x86
		{794091F8-0525-45D6-BC83-F57D74EAAED6}.Release|Mixed Platforms.Build.0 = Release|x86
		{794091F8-0525-45D6-BC83-F57D74EAAED6}.Release|Win32.ActiveCfg = Release|x86
		{794091F8-0525-45D6-BC83-F57D74EAAED6}.Release|Win32.Build.0 = Release|x86
		{794091F8-0525-45D6-BC83-F57D74EAAED6}.Release|x64.ActiveCfg = Release|x86
		{794091F8-0525-45D6-BC83-F57D74EAAED6}.Release|x86.ActiveCfg = Release|x86
		{794091F8-0525-45D6-BC83-F57D74EAAED6}.Release|x86.Build.0 = Release|x86
		{B02DD64B-E35F-47ED-AB64-89C640CEF087}.Debug|Any CPU.ActiveCfg = Debug|Any CPU
		{B02DD64B-E35F-47ED-AB64-89C640CEF087}.Debug|Any CPU.Build.0 = Debug|Any CPU
		{B02DD64B-E35F-47ED-AB64-89C640CEF087}.Debug|Mixed Platforms.ActiveCfg = Debug|Any CPU
		{B02DD64B-E35F-47ED-AB64-89C640CEF087}.Debug|Mixed Platforms.Build.0 = Debug|Any CPU
		{B02DD64B-E35F-47ED-AB64-89C640CEF087}.Debug|Win32.ActiveCfg = Debug|Any CPU
		{B02DD64B-E35F-47ED-AB64-89C640CEF087}.Debug|x64.ActiveCfg = Debug|Any CPU
		{B02DD64B-E35F-47ED-AB64-89C640CEF087}.Debug|x86.ActiveCfg = Debug|Any CPU
		{B02DD64B-E35F-47ED-AB64-89C640CEF087}.Production|Any CPU.ActiveCfg = Release|Any CPU
		{B02DD64B-E35F-47ED-AB64-89C640CEF087}.Production|Any CPU.Build.0 = Release|Any CPU
		{B02DD64B-E35F-47ED-AB64-89C640CEF087}.Production|Mixed Platforms.ActiveCfg = Release|Any CPU
		{B02DD64B-E35F-47ED-AB64-89C640CEF087}.Production|Mixed Platforms.Build.0 = Release|Any CPU
		{B02DD64B-E35F-47ED-AB64-89C640CEF087}.Production|Win32.ActiveCfg = Release|Any CPU
		{B02DD64B-E35F-47ED-AB64-89C640CEF087}.Production|x64.ActiveCfg = Release|Any CPU
		{B02DD64B-E35F-47ED-AB64-89C640CEF087}.Production|x86.ActiveCfg = Release|Any CPU
		{B02DD64B-E35F-47ED-AB64-89C640CEF087}.Release|Any CPU.ActiveCfg = Release|Any CPU
		{B02DD64B-E35F-47ED-AB64-89C640CEF087}.Release|Any CPU.Build.0 = Release|Any CPU
		{B02DD64B-E35F-47ED-AB64-89C640CEF087}.Release|Mixed Platforms.ActiveCfg = Release|Any CPU
		{B02DD64B-E35F-47ED-AB64-89C640CEF087}.Release|Mixed Platforms.Build.0 = Release|Any CPU
		{B02DD64B-E35F-47ED-AB64-89C640CEF087}.Release|Win32.ActiveCfg = Release|Any CPU
		{B02DD64B-E35F-47ED-AB64-89C640CEF087}.Release|x64.ActiveCfg = Release|Any CPU
		{B02DD64B-E35F-47ED-AB64-89C640CEF087}.Release|x86.ActiveCfg = Release|Any CPU
		{7D54B8C6-15C0-4AF3-BD00-F6F687611405}.Debug|Any CPU.ActiveCfg = Debug|Any CPU
		{7D54B8C6-15C0-4AF3-BD00-F6F687611405}.Debug|Any CPU.Build.0 = Debug|Any CPU
		{7D54B8C6-15C0-4AF3-BD00-F6F687611405}.Debug|Mixed Platforms.ActiveCfg = Debug|Any CPU
		{7D54B8C6-15C0-4AF3-BD00-F6F687611405}.Debug|Mixed Platforms.Build.0 = Debug|Any CPU
		{7D54B8C6-15C0-4AF3-BD00-F6F687611405}.Debug|Win32.ActiveCfg = Debug|Any CPU
		{7D54B8C6-15C0-4AF3-BD00-F6F687611405}.Debug|x64.ActiveCfg = Debug|Any CPU
		{7D54B8C6-15C0-4AF3-BD00-F6F687611405}.Debug|x86.ActiveCfg = Debug|Any CPU
		{7D54B8C6-15C0-4AF3-BD00-F6F687611405}.Production|Any CPU.ActiveCfg = Release|Any CPU
		{7D54B8C6-15C0-4AF3-BD00-F6F687611405}.Production|Any CPU.Build.0 = Release|Any CPU
		{7D54B8C6-15C0-4AF3-BD00-F6F687611405}.Production|Mixed Platforms.ActiveCfg = Release|Any CPU
		{7D54B8C6-15C0-4AF3-BD00-F6F687611405}.Production|Mixed Platforms.Build.0 = Release|Any CPU
		{7D54B8C6-15C0-4AF3-BD00-F6F687611405}.Production|Win32.ActiveCfg = Release|Any CPU
		{7D54B8C6-15C0-4AF3-BD00-F6F687611405}.Production|x64.ActiveCfg = Release|Any CPU
		{7D54B8C6-15C0-4AF3-BD00-F6F687611405}.Production|x86.ActiveCfg = Release|Any CPU
		{7D54B8C6-15C0-4AF3-BD00-F6F687611405}.Release|Any CPU.ActiveCfg = Release|Any CPU
		{7D54B8C6-15C0-4AF3-BD00-F6F687611405}.Release|Any CPU.Build.0 = Release|Any CPU
		{7D54B8C6-15C0-4AF3-BD00-F6F687611405}.Release|Mixed Platforms.ActiveCfg = Release|Any CPU
		{7D54B8C6-15C0-4AF3-BD00-F6F687611405}.Release|Mixed Platforms.Build.0 = Release|Any CPU
		{7D54B8C6-15C0-4AF3-BD00-F6F687611405}.Release|Win32.ActiveCfg = Release|Any CPU
		{7D54B8C6-15C0-4AF3-BD00-F6F687611405}.Release|x64.ActiveCfg = Release|Any CPU
		{7D54B8C6-15C0-4AF3-BD00-F6F687611405}.Release|x86.ActiveCfg = Release|Any CPU
		{9A6E4795-3B62-468F-8B03-DA9FEA6B464C}.Debug|Any CPU.ActiveCfg = Debug|Win32
		{9A6E4795-3B62-468F-8B03-DA9FEA6B464C}.Debug|Mixed Platforms.ActiveCfg = Debug|Win32
		{9A6E4795-3B62-468F-8B03-DA9FEA6B464C}.Debug|Mixed Platforms.Build.0 = Debug|Win32
		{9A6E4795-3B62-468F-8B03-DA9FEA6B464C}.Debug|Win32.ActiveCfg = Debug|Win32
		{9A6E4795-3B62-468F-8B03-DA9FEA6B464C}.Debug|Win32.Build.0 = Debug|Win32
		{9A6E4795-3B62-468F-8B03-DA9FEA6B464C}.Debug|x64.ActiveCfg = Debug|Win32
		{9A6E4795-3B62-468F-8B03-DA9FEA6B464C}.Debug|x86.ActiveCfg = Debug|Win32
		{9A6E4795-3B62-468F-8B03-DA9FEA6B464C}.Debug|x86.Build.0 = Debug|Win32
		{9A6E4795-3B62-468F-8B03-DA9FEA6B464C}.Production|Any CPU.ActiveCfg = Release|Win32
		{9A6E4795-3B62-468F-8B03-DA9FEA6B464C}.Production|Mixed Platforms.ActiveCfg = Release|Win32
		{9A6E4795-3B62-468F-8B03-DA9FEA6B464C}.Production|Mixed Platforms.Build.0 = Release|Win32
		{9A6E4795-3B62-468F-8B03-DA9FEA6B464C}.Production|Win32.ActiveCfg = Release|Win32
		{9A6E4795-3B62-468F-8B03-DA9FEA6B464C}.Production|Win32.Build.0 = Release|Win32
		{9A6E4795-3B62-468F-8B03-DA9FEA6B464C}.Production|x64.ActiveCfg = Release|Win32
		{9A6E4795-3B62-468F-8B03-DA9FEA6B464C}.Production|x86.ActiveCfg = Release|Win32
		{9A6E4795-3B62-468F-8B03-DA9FEA6B464C}.Production|x86.Build.0 = Release|Win32
		{9A6E4795-3B62-468F-8B03-DA9FEA6B464C}.Release|Any CPU.ActiveCfg = Release|Win32
		{9A6E4795-3B62-468F-8B03-DA9FEA6B464C}.Release|Mixed Platforms.ActiveCfg = Release|Win32
		{9A6E4795-3B62-468F-8B03-DA9FEA6B464C}.Release|Mixed Platforms.Build.0 = Release|Win32
		{9A6E4795-3B62-468F-8B03-DA9FEA6B464C}.Release|Win32.ActiveCfg = Release|Win32
		{9A6E4795-3B62-468F-8B03-DA9FEA6B464C}.Release|Win32.Build.0 = Release|Win32
		{9A6E4795-3B62-468F-8B03-DA9FEA6B464C}.Release|x64.ActiveCfg = Release|Win32
		{9A6E4795-3B62-468F-8B03-DA9FEA6B464C}.Release|x86.ActiveCfg = Release|Win32
		{9A6E4795-3B62-468F-8B03-DA9FEA6B464C}.Release|x86.Build.0 = Release|Win32
		{9E1559FE-708C-4ADF-B302-EE0491C74FBE}.Debug|Any CPU.ActiveCfg = Debug|Win32
		{9E1559FE-708C-4ADF-B302-EE0491C74FBE}.Debug|Mixed Platforms.ActiveCfg = Debug|Win32
		{9E1559FE-708C-4ADF-B302-EE0491C74FBE}.Debug|Mixed Platforms.Build.0 = Debug|Win32
		{9E1559FE-708C-4ADF-B302-EE0491C74FBE}.Debug|Win32.ActiveCfg = Debug|Win32
		{9E1559FE-708C-4ADF-B302-EE0491C74FBE}.Debug|Win32.Build.0 = Debug|Win32
		{9E1559FE-708C-4ADF-B302-EE0491C74FBE}.Debug|x64.ActiveCfg = Debug|Win32
		{9E1559FE-708C-4ADF-B302-EE0491C74FBE}.Debug|x86.ActiveCfg = Debug|Win32
		{9E1559FE-708C-4ADF-B302-EE0491C74FBE}.Debug|x86.Build.0 = Debug|Win32
		{9E1559FE-708C-4ADF-B302-EE0491C74FBE}.Production|Any CPU.ActiveCfg = Release|Win32
		{9E1559FE-708C-4ADF-B302-EE0491C74FBE}.Production|Mixed Platforms.ActiveCfg = Release|Win32
		{9E1559FE-708C-4ADF-B302-EE0491C74FBE}.Production|Mixed Platforms.Build.0 = Release|Win32
		{9E1559FE-708C-4ADF-B302-EE0491C74FBE}.Production|Win32.ActiveCfg = Release|Win32
		{9E1559FE-708C-4ADF-B302-EE0491C74FBE}.Production|Win32.Build.0 = Release|Win32
		{9E1559FE-708C-4ADF-B302-EE0491C74FBE}.Production|x64.ActiveCfg = Release|Win32
		{9E1559FE-708C-4ADF-B302-EE0491C74FBE}.Production|x86.ActiveCfg = Release|Win32
		{9E1559FE-708C-4ADF-B302-EE0491C74FBE}.Production|x86.Build.0 = Release|Win32
		{9E1559FE-708C-4ADF-B302-EE0491C74FBE}.Release|Any CPU.ActiveCfg = Release|Win32
		{9E1559FE-708C-4ADF-B302-EE0491C74FBE}.Release|Mixed Platforms.ActiveCfg = Release|Win32
		{9E1559FE-708C-4ADF-B302-EE0491C74FBE}.Release|Mixed Platforms.Build.0 = Release|Win32
		{9E1559FE-708C-4ADF-B302-EE0491C74FBE}.Release|Win32.ActiveCfg = Release|Win32
		{9E1559FE-708C-4ADF-B302-EE0491C74FBE}.Release|Win32.Build.0 = Release|Win32
		{9E1559FE-708C-4ADF-B302-EE0491C74FBE}.Release|x64.ActiveCfg = Release|Win32
		{9E1559FE-708C-4ADF-B302-EE0491C74FBE}.Release|x86.ActiveCfg = Release|Win32
		{9E1559FE-708C-4ADF-B302-EE0491C74FBE}.Release|x86.Build.0 = Release|Win32
		{31EABB58-DEAB-4A59-91DC-CE7B18D5DC12}.Debug|Any CPU.ActiveCfg = Debug|Win32
		{31EABB58-DEAB-4A59-91DC-CE7B18D5DC12}.Debug|Mixed Platforms.ActiveCfg = Debug|Win32
		{31EABB58-DEAB-4A59-91DC-CE7B18D5DC12}.Debug|Mixed Platforms.Build.0 = Debug|Win32
		{31EABB58-DEAB-4A59-91DC-CE7B18D5DC12}.Debug|Win32.ActiveCfg = Debug|Win32
		{31EABB58-DEAB-4A59-91DC-CE7B18D5DC12}.Debug|Win32.Build.0 = Debug|Win32
		{31EABB58-DEAB-4A59-91DC-CE7B18D5DC12}.Debug|x64.ActiveCfg = Debug|Win32
		{31EABB58-DEAB-4A59-91DC-CE7B18D5DC12}.Debug|x86.ActiveCfg = Debug|Win32
		{31EABB58-DEAB-4A59-91DC-CE7B18D5DC12}.Debug|x86.Build.0 = Debug|Win32
		{31EABB58-DEAB-4A59-91DC-CE7B18D5DC12}.Production|Any CPU.ActiveCfg = Release|Win32
		{31EABB58-DEAB-4A59-91DC-CE7B18D5DC12}.Production|Mixed Platforms.ActiveCfg = Release|Win32
		{31EABB58-DEAB-4A59-91DC-CE7B18D5DC12}.Production|Mixed Platforms.Build.0 = Release|Win32
		{31EABB58-DEAB-4A59-91DC-CE7B18D5DC12}.Production|Win32.ActiveCfg = Release|Win32
		{31EABB58-DEAB-4A59-91DC-CE7B18D5DC12}.Production|Win32.Build.0 = Release|Win32
		{31EABB58-DEAB-4A59-91DC-CE7B18D5DC12}.Production|x64.ActiveCfg = Release|Win32
		{31EABB58-DEAB-4A59-91DC-CE7B18D5DC12}.Production|x86.ActiveCfg = Release|Win32
		{31EABB58-DEAB-4A59-91DC-CE7B18D5DC12}.Production|x86.Build.0 = Release|Win32
		{31EABB58-DEAB-4A59-91DC-CE7B18D5DC12}.Release|Any CPU.ActiveCfg = Release|Win32
		{31EABB58-DEAB-4A59-91DC-CE7B18D5DC12}.Release|Mixed Platforms.ActiveCfg = Release|Win32
		{31EABB58-DEAB-4A59-91DC-CE7B18D5DC12}.Release|Mixed Platforms.Build.0 = Release|Win32
		{31EABB58-DEAB-4A59-91DC-CE7B18D5DC12}.Release|Win32.ActiveCfg = Release|Win32
		{31EABB58-DEAB-4A59-91DC-CE7B18D5DC12}.Release|Win32.Build.0 = Release|Win32
		{31EABB58-DEAB-4A59-91DC-CE7B18D5DC12}.Release|x64.ActiveCfg = Release|Win32
		{31EABB58-DEAB-4A59-91DC-CE7B18D5DC12}.Release|x86.ActiveCfg = Release|Win32
		{31EABB58-DEAB-4A59-91DC-CE7B18D5DC12}.Release|x86.Build.0 = Release|Win32
		{50A09666-C800-48B7-BCDF-7FF29F83155E}.Debug|Any CPU.ActiveCfg = Debug|Win32
		{50A09666-C800-48B7-BCDF-7FF29F83155E}.Debug|Mixed Platforms.ActiveCfg = Debug|Win32
		{50A09666-C800-48B7-BCDF-7FF29F83155E}.Debug|Mixed Platforms.Build.0 = Debug|Win32
		{50A09666-C800-48B7-BCDF-7FF29F83155E}.Debug|Win32.ActiveCfg = Debug|Win32
		{50A09666-C800-48B7-BCDF-7FF29F83155E}.Debug|Win32.Build.0 = Debug|Win32
		{50A09666-C800-48B7-BCDF-7FF29F83155E}.Debug|x64.ActiveCfg = Debug|Win32
		{50A09666-C800-48B7-BCDF-7FF29F83155E}.Debug|x86.ActiveCfg = Debug|Win32
		{50A09666-C800-48B7-BCDF-7FF29F83155E}.Debug|x86.Build.0 = Debug|Win32
		{50A09666-C800-48B7-BCDF-7FF29F83155E}.Production|Any CPU.ActiveCfg = Release|Win32
		{50A09666-C800-48B7-BCDF-7FF29F83155E}.Production|Mixed Platforms.ActiveCfg = Release|Win32
		{50A09666-C800-48B7-BCDF-7FF29F83155E}.Production|Mixed Platforms.Build.0 = Release|Win32
		{50A09666-C800-48B7-BCDF-7FF29F83155E}.Production|Win32.ActiveCfg = Release|Win32
		{50A09666-C800-48B7-BCDF-7FF29F83155E}.Production|Win32.Build.0 = Release|Win32
		{50A09666-C800-48B7-BCDF-7FF29F83155E}.Production|x64.ActiveCfg = Release|Win32
		{50A09666-C800-48B7-BCDF-7FF29F83155E}.Production|x86.ActiveCfg = Release|Win32
		{50A09666-C800-48B7-BCDF-7FF29F83155E}.Production|x86.Build.0 = Release|Win32
		{50A09666-C800-48B7-BCDF-7FF29F83155E}.Release|Any CPU.ActiveCfg = Release|Win32
		{50A09666-C800-48B7-BCDF-7FF29F83155E}.Release|Mixed Platforms.ActiveCfg = Release|Win32
		{50A09666-C800-48B7-BCDF-7FF29F83155E}.Release|Mixed Platforms.Build.0 = Release|Win32
		{50A09666-C800-48B7-BCDF-7FF29F83155E}.Release|Win32.ActiveCfg = Release|Win32
		{50A09666-C800-48B7-BCDF-7FF29F83155E}.Release|Win32.Build.0 = Release|Win32
		{50A09666-C800-48B7-BCDF-7FF29F83155E}.Release|x64.ActiveCfg = Release|Win32
		{50A09666-C800-48B7-BCDF-7FF29F83155E}.Release|x86.ActiveCfg = Release|Win32
		{50A09666-C800-48B7-BCDF-7FF29F83155E}.Release|x86.Build.0 = Release|Win32
		{999CACA0-E417-4AC0-885A-3D210EC2DF0E}.Debug|Any CPU.ActiveCfg = Debug|Win32
		{999CACA0-E417-4AC0-885A-3D210EC2DF0E}.Debug|Mixed Platforms.ActiveCfg = Debug|Win32
		{999CACA0-E417-4AC0-885A-3D210EC2DF0E}.Debug|Mixed Platforms.Build.0 = Debug|Win32
		{999CACA0-E417-4AC0-885A-3D210EC2DF0E}.Debug|Win32.ActiveCfg = Debug|Win32
		{999CACA0-E417-4AC0-885A-3D210EC2DF0E}.Debug|Win32.Build.0 = Debug|Win32
		{999CACA0-E417-4AC0-885A-3D210EC2DF0E}.Debug|x64.ActiveCfg = Debug|Win32
		{999CACA0-E417-4AC0-885A-3D210EC2DF0E}.Debug|x86.ActiveCfg = Debug|Win32
		{999CACA0-E417-4AC0-885A-3D210EC2DF0E}.Debug|x86.Build.0 = Debug|Win32
		{999CACA0-E417-4AC0-885A-3D210EC2DF0E}.Production|Any CPU.ActiveCfg = Release|Win32
		{999CACA0-E417-4AC0-885A-3D210EC2DF0E}.Production|Mixed Platforms.ActiveCfg = Release|Win32
		{999CACA0-E417-4AC0-885A-3D210EC2DF0E}.Production|Mixed Platforms.Build.0 = Release|Win32
		{999CACA0-E417-4AC0-885A-3D210EC2DF0E}.Production|Win32.ActiveCfg = Release|Win32
		{999CACA0-E417-4AC0-885A-3D210EC2DF0E}.Production|Win32.Build.0 = Release|Win32
		{999CACA0-E417-4AC0-885A-3D210EC2DF0E}.Production|x64.ActiveCfg = Release|Win32
		{999CACA0-E417-4AC0-885A-3D210EC2DF0E}.Production|x86.ActiveCfg = Release|Win32
		{999CACA0-E417-4AC0-885A-3D210EC2DF0E}.Production|x86.Build.0 = Release|Win32
		{999CACA0-E417-4AC0-885A-3D210EC2DF0E}.Release|Any CPU.ActiveCfg = Release|Win32
		{999CACA0-E417-4AC0-885A-3D210EC2DF0E}.Release|Mixed Platforms.ActiveCfg = Release|Win32
		{999CACA0-E417-4AC0-885A-3D210EC2DF0E}.Release|Mixed Platforms.Build.0 = Release|Win32
		{999CACA0-E417-4AC0-885A-3D210EC2DF0E}.Release|Win32.ActiveCfg = Release|Win32
		{999CACA0-E417-4AC0-885A-3D210EC2DF0E}.Release|Win32.Build.0 = Release|Win32
		{999CACA0-E417-4AC0-885A-3D210EC2DF0E}.Release|x64.ActiveCfg = Release|Win32
		{999CACA0-E417-4AC0-885A-3D210EC2DF0E}.Release|x86.ActiveCfg = Release|Win32
		{999CACA0-E417-4AC0-885A-3D210EC2DF0E}.Release|x86.Build.0 = Release|Win32
		{29F38801-DAC8-4DC6-98DA-2E28940C4073}.Debug|Any CPU.ActiveCfg = Debug|Any CPU
		{29F38801-DAC8-4DC6-98DA-2E28940C4073}.Debug|Any CPU.Build.0 = Debug|Any CPU
		{29F38801-DAC8-4DC6-98DA-2E28940C4073}.Debug|Mixed Platforms.ActiveCfg = Debug|Any CPU
		{29F38801-DAC8-4DC6-98DA-2E28940C4073}.Debug|Mixed Platforms.Build.0 = Debug|Any CPU
		{29F38801-DAC8-4DC6-98DA-2E28940C4073}.Debug|Win32.ActiveCfg = Debug|Any CPU
		{29F38801-DAC8-4DC6-98DA-2E28940C4073}.Debug|x64.ActiveCfg = Debug|Any CPU
		{29F38801-DAC8-4DC6-98DA-2E28940C4073}.Debug|x86.ActiveCfg = Debug|Any CPU
		{29F38801-DAC8-4DC6-98DA-2E28940C4073}.Production|Any CPU.ActiveCfg = Release|Any CPU
		{29F38801-DAC8-4DC6-98DA-2E28940C4073}.Production|Any CPU.Build.0 = Release|Any CPU
		{29F38801-DAC8-4DC6-98DA-2E28940C4073}.Production|Mixed Platforms.ActiveCfg = Release|Any CPU
		{29F38801-DAC8-4DC6-98DA-2E28940C4073}.Production|Mixed Platforms.Build.0 = Release|Any CPU
		{29F38801-DAC8-4DC6-98DA-2E28940C4073}.Production|Win32.ActiveCfg = Release|Any CPU
		{29F38801-DAC8-4DC6-98DA-2E28940C4073}.Production|x64.ActiveCfg = Release|Any CPU
		{29F38801-DAC8-4DC6-98DA-2E28940C4073}.Production|x86.ActiveCfg = Release|Any CPU
		{29F38801-DAC8-4DC6-98DA-2E28940C4073}.Release|Any CPU.ActiveCfg = Release|Any CPU
		{29F38801-DAC8-4DC6-98DA-2E28940C4073}.Release|Any CPU.Build.0 = Release|Any CPU
		{29F38801-DAC8-4DC6-98DA-2E28940C4073}.Release|Mixed Platforms.ActiveCfg = Release|Any CPU
		{29F38801-DAC8-4DC6-98DA-2E28940C4073}.Release|Mixed Platforms.Build.0 = Release|Any CPU
		{29F38801-DAC8-4DC6-98DA-2E28940C4073}.Release|Win32.ActiveCfg = Release|Any CPU
		{29F38801-DAC8-4DC6-98DA-2E28940C4073}.Release|x64.ActiveCfg = Release|Any CPU
		{29F38801-DAC8-4DC6-98DA-2E28940C4073}.Release|x86.ActiveCfg = Release|Any CPU
		{CEF3DC4A-BDA7-4C74-A655-CB74511A1EC0}.Debug|Any CPU.ActiveCfg = Debug|x86
		{CEF3DC4A-BDA7-4C74-A655-CB74511A1EC0}.Debug|Mixed Platforms.ActiveCfg = Debug|x86
		{CEF3DC4A-BDA7-4C74-A655-CB74511A1EC0}.Debug|Mixed Platforms.Build.0 = Debug|x86
		{CEF3DC4A-BDA7-4C74-A655-CB74511A1EC0}.Debug|Win32.ActiveCfg = Debug|x86
		{CEF3DC4A-BDA7-4C74-A655-CB74511A1EC0}.Debug|Win32.Build.0 = Debug|x86
		{CEF3DC4A-BDA7-4C74-A655-CB74511A1EC0}.Debug|x64.ActiveCfg = Debug|x86
		{CEF3DC4A-BDA7-4C74-A655-CB74511A1EC0}.Debug|x86.ActiveCfg = Debug|x86
		{CEF3DC4A-BDA7-4C74-A655-CB74511A1EC0}.Debug|x86.Build.0 = Debug|x86
		{CEF3DC4A-BDA7-4C74-A655-CB74511A1EC0}.Production|Any CPU.ActiveCfg = Release|x86
		{CEF3DC4A-BDA7-4C74-A655-CB74511A1EC0}.Production|Mixed Platforms.ActiveCfg = Release|x86
		{CEF3DC4A-BDA7-4C74-A655-CB74511A1EC0}.Production|Mixed Platforms.Build.0 = Release|x86
		{CEF3DC4A-BDA7-4C74-A655-CB74511A1EC0}.Production|Win32.ActiveCfg = Release|x86
		{CEF3DC4A-BDA7-4C74-A655-CB74511A1EC0}.Production|Win32.Build.0 = Release|x86
		{CEF3DC4A-BDA7-4C74-A655-CB74511A1EC0}.Production|x64.ActiveCfg = Release|x86
		{CEF3DC4A-BDA7-4C74-A655-CB74511A1EC0}.Production|x86.ActiveCfg = Release|x86
		{CEF3DC4A-BDA7-4C74-A655-CB74511A1EC0}.Production|x86.Build.0 = Release|x86
		{CEF3DC4A-BDA7-4C74-A655-CB74511A1EC0}.Release|Any CPU.ActiveCfg = Release|x86
		{CEF3DC4A-BDA7-4C74-A655-CB74511A1EC0}.Release|Mixed Platforms.ActiveCfg = Release|x86
		{CEF3DC4A-BDA7-4C74-A655-CB74511A1EC0}.Release|Mixed Platforms.Build.0 = Release|x86
		{CEF3DC4A-BDA7-4C74-A655-CB74511A1EC0}.Release|Win32.ActiveCfg = Release|x86
		{CEF3DC4A-BDA7-4C74-A655-CB74511A1EC0}.Release|Win32.Build.0 = Release|x86
		{CEF3DC4A-BDA7-4C74-A655-CB74511A1EC0}.Release|x64.ActiveCfg = Release|x86
		{CEF3DC4A-BDA7-4C74-A655-CB74511A1EC0}.Release|x86.ActiveCfg = Release|x86
		{CEF3DC4A-BDA7-4C74-A655-CB74511A1EC0}.Release|x86.Build.0 = Release|x86
		{81266CB3-406E-4F01-9DAA-B99B6E1B0DDC}.Debug|Any CPU.ActiveCfg = Debug|Win32
		{81266CB3-406E-4F01-9DAA-B99B6E1B0DDC}.Debug|Mixed Platforms.ActiveCfg = Debug|Win32
		{81266CB3-406E-4F01-9DAA-B99B6E1B0DDC}.Debug|Mixed Platforms.Build.0 = Debug|Win32
		{81266CB3-406E-4F01-9DAA-B99B6E1B0DDC}.Debug|Win32.ActiveCfg = Debug|Win32
		{81266CB3-406E-4F01-9DAA-B99B6E1B0DDC}.Debug|Win32.Build.0 = Debug|Win32
		{81266CB3-406E-4F01-9DAA-B99B6E1B0DDC}.Debug|x64.ActiveCfg = Debug|Win32
		{81266CB3-406E-4F01-9DAA-B99B6E1B0DDC}.Debug|x86.ActiveCfg = Debug|Win32
		{81266CB3-406E-4F01-9DAA-B99B6E1B0DDC}.Debug|x86.Build.0 = Debug|Win32
		{81266CB3-406E-4F01-9DAA-B99B6E1B0DDC}.Production|Any CPU.ActiveCfg = Release|Win32
		{81266CB3-406E-4F01-9DAA-B99B6E1B0DDC}.Production|Mixed Platforms.ActiveCfg = Release|Win32
		{81266CB3-406E-4F01-9DAA-B99B6E1B0DDC}.Production|Mixed Platforms.Build.0 = Release|Win32
		{81266CB3-406E-4F01-9DAA-B99B6E1B0DDC}.Production|Win32.ActiveCfg = Release|Win32
		{81266CB3-406E-4F01-9DAA-B99B6E1B0DDC}.Production|Win32.Build.0 = Release|Win32
		{81266CB3-406E-4F01-9DAA-B99B6E1B0DDC}.Production|x64.ActiveCfg = Release|Win32
		{81266CB3-406E-4F01-9DAA-B99B6E1B0DDC}.Production|x86.ActiveCfg = Release|Win32
		{81266CB3-406E-4F01-9DAA-B99B6E1B0DDC}.Production|x86.Build.0 = Release|Win32
		{81266CB3-406E-4F01-9DAA-B99B6E1B0DDC}.Release|Any CPU.ActiveCfg = Release|Win32
		{81266CB3-406E-4F01-9DAA-B99B6E1B0DDC}.Release|Mixed Platforms.ActiveCfg = Release|Win32
		{81266CB3-406E-4F01-9DAA-B99B6E1B0DDC}.Release|Mixed Platforms.Build.0 = Release|Win32
		{81266CB3-406E-4F01-9DAA-B99B6E1B0DDC}.Release|Win32.ActiveCfg = Release|Win32
		{81266CB3-406E-4F01-9DAA-B99B6E1B0DDC}.Release|Win32.Build.0 = Release|Win32
		{81266CB3-406E-4F01-9DAA-B99B6E1B0DDC}.Release|x64.ActiveCfg = Release|Win32
		{81266CB3-406E-4F01-9DAA-B99B6E1B0DDC}.Release|x86.ActiveCfg = Release|Win32
		{81266CB3-406E-4F01-9DAA-B99B6E1B0DDC}.Release|x86.Build.0 = Release|Win32
		{9F87A6BF-269D-499B-A5B0-EA61445FDD50}.Debug|Any CPU.ActiveCfg = Debug|Win32
		{9F87A6BF-269D-499B-A5B0-EA61445FDD50}.Debug|Mixed Platforms.ActiveCfg = Debug|Win32
		{9F87A6BF-269D-499B-A5B0-EA61445FDD50}.Debug|Mixed Platforms.Build.0 = Debug|Win32
		{9F87A6BF-269D-499B-A5B0-EA61445FDD50}.Debug|Win32.ActiveCfg = Debug|Win32
		{9F87A6BF-269D-499B-A5B0-EA61445FDD50}.Debug|Win32.Build.0 = Debug|Win32
		{9F87A6BF-269D-499B-A5B0-EA61445FDD50}.Debug|x64.ActiveCfg = Debug|Win32
		{9F87A6BF-269D-499B-A5B0-EA61445FDD50}.Debug|x86.ActiveCfg = Debug|Win32
		{9F87A6BF-269D-499B-A5B0-EA61445FDD50}.Debug|x86.Build.0 = Debug|Win32
		{9F87A6BF-269D-499B-A5B0-EA61445FDD50}.Production|Any CPU.ActiveCfg = Release|Win32
		{9F87A6BF-269D-499B-A5B0-EA61445FDD50}.Production|Mixed Platforms.ActiveCfg = Release|Win32
		{9F87A6BF-269D-499B-A5B0-EA61445FDD50}.Production|Mixed Platforms.Build.0 = Release|Win32
		{9F87A6BF-269D-499B-A5B0-EA61445FDD50}.Production|Win32.ActiveCfg = Release|Win32
		{9F87A6BF-269D-499B-A5B0-EA61445FDD50}.Production|Win32.Build.0 = Release|Win32
		{9F87A6BF-269D-499B-A5B0-EA61445FDD50}.Production|x64.ActiveCfg = Release|Win32
		{9F87A6BF-269D-499B-A5B0-EA61445FDD50}.Production|x86.ActiveCfg = Release|Win32
		{9F87A6BF-269D-499B-A5B0-EA61445FDD50}.Production|x86.Build.0 = Release|Win32
		{9F87A6BF-269D-499B-A5B0-EA61445FDD50}.Release|Any CPU.ActiveCfg = Release|Win32
		{9F87A6BF-269D-499B-A5B0-EA61445FDD50}.Release|Mixed Platforms.ActiveCfg = Release|Win32
		{9F87A6BF-269D-499B-A5B0-EA61445FDD50}.Release|Mixed Platforms.Build.0 = Release|Win32
		{9F87A6BF-269D-499B-A5B0-EA61445FDD50}.Release|Win32.ActiveCfg = Release|Win32
		{9F87A6BF-269D-499B-A5B0-EA61445FDD50}.Release|Win32.Build.0 = Release|Win32
		{9F87A6BF-269D-499B-A5B0-EA61445FDD50}.Release|x64.ActiveCfg = Release|Win32
		{9F87A6BF-269D-499B-A5B0-EA61445FDD50}.Release|x86.ActiveCfg = Release|Win32
		{9F87A6BF-269D-499B-A5B0-EA61445FDD50}.Release|x86.Build.0 = Release|Win32
		{B45F9232-8734-48EA-AC16-29F41866D676}.Debug|Any CPU.ActiveCfg = Debug|Win32
		{B45F9232-8734-48EA-AC16-29F41866D676}.Debug|Mixed Platforms.ActiveCfg = Debug|Win32
		{B45F9232-8734-48EA-AC16-29F41866D676}.Debug|Mixed Platforms.Build.0 = Debug|Win32
		{B45F9232-8734-48EA-AC16-29F41866D676}.Debug|Win32.ActiveCfg = Debug|Win32
		{B45F9232-8734-48EA-AC16-29F41866D676}.Debug|Win32.Build.0 = Debug|Win32
		{B45F9232-8734-48EA-AC16-29F41866D676}.Debug|x64.ActiveCfg = Debug|x64
		{B45F9232-8734-48EA-AC16-29F41866D676}.Debug|x64.Build.0 = Debug|x64
		{B45F9232-8734-48EA-AC16-29F41866D676}.Debug|x86.ActiveCfg = Debug|Win32
		{B45F9232-8734-48EA-AC16-29F41866D676}.Debug|x86.Build.0 = Debug|Win32
		{B45F9232-8734-48EA-AC16-29F41866D676}.Production|Any CPU.ActiveCfg = Production|Win32
		{B45F9232-8734-48EA-AC16-29F41866D676}.Production|Mixed Platforms.ActiveCfg = Production|Win32
		{B45F9232-8734-48EA-AC16-29F41866D676}.Production|Mixed Platforms.Build.0 = Production|Win32
		{B45F9232-8734-48EA-AC16-29F41866D676}.Production|Win32.ActiveCfg = Production|Win32
		{B45F9232-8734-48EA-AC16-29F41866D676}.Production|Win32.Build.0 = Production|Win32
		{B45F9232-8734-48EA-AC16-29F41866D676}.Production|x64.ActiveCfg = Production|x64
		{B45F9232-8734-48EA-AC16-29F41866D676}.Production|x64.Build.0 = Production|x64
		{B45F9232-8734-48EA-AC16-29F41866D676}.Production|x86.ActiveCfg = Production|Win32
		{B45F9232-8734-48EA-AC16-29F41866D676}.Production|x86.Build.0 = Production|Win32
		{B45F9232-8734-48EA-AC16-29F41866D676}.Release|Any CPU.ActiveCfg = Release|Win32
		{B45F9232-8734-48EA-AC16-29F41866D676}.Release|Mixed Platforms.ActiveCfg = Release|Win32
		{B45F9232-8734-48EA-AC16-29F41866D676}.Release|Mixed Platforms.Build.0 = Release|Win32
		{B45F9232-8734-48EA-AC16-29F41866D676}.Release|Win32.ActiveCfg = Release|Win32
		{B45F9232-8734-48EA-AC16-29F41866D676}.Release|Win32.Build.0 = Release|Win32
		{B45F9232-8734-48EA-AC16-29F41866D676}.Release|x64.ActiveCfg = Release|x64
		{B45F9232-8734-48EA-AC16-29F41866D676}.Release|x64.Build.0 = Release|x64
		{B45F9232-8734-48EA-AC16-29F41866D676}.Release|x86.ActiveCfg = Release|Win32
		{B45F9232-8734-48EA-AC16-29F41866D676}.Release|x86.Build.0 = Release|Win32
		{35D4371C-B7A6-4FC4-ABA3-0BE750125CE3}.Debug|Any CPU.ActiveCfg = Debug|Win32
		{35D4371C-B7A6-4FC4-ABA3-0BE750125CE3}.Debug|Mixed Platforms.ActiveCfg = Debug|Win32
		{35D4371C-B7A6-4FC4-ABA3-0BE750125CE3}.Debug|Mixed Platforms.Build.0 = Debug|Win32
		{35D4371C-B7A6-4FC4-ABA3-0BE750125CE3}.Debug|Win32.ActiveCfg = Debug|Win32
		{35D4371C-B7A6-4FC4-ABA3-0BE750125CE3}.Debug|Win32.Build.0 = Debug|Win32
		{35D4371C-B7A6-4FC4-ABA3-0BE750125CE3}.Debug|x64.ActiveCfg = Debug|x64
		{35D4371C-B7A6-4FC4-ABA3-0BE750125CE3}.Debug|x64.Build.0 = Debug|x64
		{35D4371C-B7A6-4FC4-ABA3-0BE750125CE3}.Debug|x86.ActiveCfg = Debug|Win32
		{35D4371C-B7A6-4FC4-ABA3-0BE750125CE3}.Debug|x86.Build.0 = Debug|Win32
		{35D4371C-B7A6-4FC4-ABA3-0BE750125CE3}.Production|Any CPU.ActiveCfg = Production|Win32
		{35D4371C-B7A6-4FC4-ABA3-0BE750125CE3}.Production|Mixed Platforms.ActiveCfg = Production|Win32
		{35D4371C-B7A6-4FC4-ABA3-0BE750125CE3}.Production|Mixed Platforms.Build.0 = Production|Win32
		{35D4371C-B7A6-4FC4-ABA3-0BE750125CE3}.Production|Win32.ActiveCfg = Production|Win32
		{35D4371C-B7A6-4FC4-ABA3-0BE750125CE3}.Production|Win32.Build.0 = Production|Win32
		{35D4371C-B7A6-4FC4-ABA3-0BE750125CE3}.Production|x64.ActiveCfg = Production|x64
		{35D4371C-B7A6-4FC4-ABA3-0BE750125CE3}.Production|x64.Build.0 = Production|x64
		{35D4371C-B7A6-4FC4-ABA3-0BE750125CE3}.Production|x86.ActiveCfg = Production|Win32
		{35D4371C-B7A6-4FC4-ABA3-0BE750125CE3}.Production|x86.Build.0 = Production|Win32
		{35D4371C-B7A6-4FC4-ABA3-0BE750125CE3}.Release|Any CPU.ActiveCfg = Release|Win32
		{35D4371C-B7A6-4FC4-ABA3-0BE750125CE3}.Release|Mixed Platforms.ActiveCfg = Release|Win32
		{35D4371C-B7A6-4FC4-ABA3-0BE750125CE3}.Release|Mixed Platforms.Build.0 = Release|Win32
		{35D4371C-B7A6-4FC4-ABA3-0BE750125CE3}.Release|Win32.ActiveCfg = Release|Win32
		{35D4371C-B7A6-4FC4-ABA3-0BE750125CE3}.Release|Win32.Build.0 = Release|Win32
		{35D4371C-B7A6-4FC4-ABA3-0BE750125CE3}.Release|x64.ActiveCfg = Release|x64
		{35D4371C-B7A6-4FC4-ABA3-0BE750125CE3}.Release|x64.Build.0 = Release|x64
		{35D4371C-B7A6-4FC4-ABA3-0BE750125CE3}.Release|x86.ActiveCfg = Release|Win32
		{35D4371C-B7A6-4FC4-ABA3-0BE750125CE3}.Release|x86.Build.0 = Release|Win32
		{B45F9232-8734-47EA-AC16-29F418D6D676}.Debug|Any CPU.ActiveCfg = Debug|Win32
		{B45F9232-8734-47EA-AC16-29F418D6D676}.Debug|Mixed Platforms.ActiveCfg = Debug|Win32
		{B45F9232-8734-47EA-AC16-29F418D6D676}.Debug|Mixed Platforms.Build.0 = Debug|Win32
		{B45F9232-8734-47EA-AC16-29F418D6D676}.Debug|Win32.ActiveCfg = Debug|Win32
		{B45F9232-8734-47EA-AC16-29F418D6D676}.Debug|Win32.Build.0 = Debug|Win32
		{B45F9232-8734-47EA-AC16-29F418D6D676}.Debug|x64.ActiveCfg = Debug|x64
		{B45F9232-8734-47EA-AC16-29F418D6D676}.Debug|x64.Build.0 = Debug|x64
		{B45F9232-8734-47EA-AC16-29F418D6D676}.Debug|x86.ActiveCfg = Debug|Win32
		{B45F9232-8734-47EA-AC16-29F418D6D676}.Debug|x86.Build.0 = Debug|Win32
		{B45F9232-8734-47EA-AC16-29F418D6D676}.Production|Any CPU.ActiveCfg = Production|Win32
		{B45F9232-8734-47EA-AC16-29F418D6D676}.Production|Mixed Platforms.ActiveCfg = Production|Win32
		{B45F9232-8734-47EA-AC16-29F418D6D676}.Production|Mixed Platforms.Build.0 = Production|Win32
		{B45F9232-8734-47EA-AC16-29F418D6D676}.Production|Win32.ActiveCfg = Production|Win32
		{B45F9232-8734-47EA-AC16-29F418D6D676}.Production|Win32.Build.0 = Production|Win32
		{B45F9232-8734-47EA-AC16-29F418D6D676}.Production|x64.ActiveCfg = Production|x64
		{B45F9232-8734-47EA-AC16-29F418D6D676}.Production|x64.Build.0 = Production|x64
		{B45F9232-8734-47EA-AC16-29F418D6D676}.Production|x86.ActiveCfg = Production|Win32
		{B45F9232-8734-47EA-AC16-29F418D6D676}.Production|x86.Build.0 = Production|Win32
		{B45F9232-8734-47EA-AC16-29F418D6D676}.Release|Any CPU.ActiveCfg = Release|Win32
		{B45F9232-8734-47EA-AC16-29F418D6D676}.Release|Mixed Platforms.ActiveCfg = Release|Win32
		{B45F9232-8734-47EA-AC16-29F418D6D676}.Release|Mixed Platforms.Build.0 = Release|Win32
		{B45F9232-8734-47EA-AC16-29F418D6D676}.Release|Win32.ActiveCfg = Release|Win32
		{B45F9232-8734-47EA-AC16-29F418D6D676}.Release|Win32.Build.0 = Release|Win32
		{B45F9232-8734-47EA-AC16-29F418D6D676}.Release|x64.ActiveCfg = Release|x64
		{B45F9232-8734-47EA-AC16-29F418D6D676}.Release|x64.Build.0 = Release|x64
		{B45F9232-8734-47EA-AC16-29F418D6D676}.Release|x86.ActiveCfg = Release|Win32
		{B45F9232-8734-47EA-AC16-29F418D6D676}.Release|x86.Build.0 = Release|Win32
		{767A1057-B18F-478E-B480-F6F624F9282A}.Debug|Any CPU.ActiveCfg = Debug|Win32
		{767A1057-B18F-478E-B480-F6F624F9282A}.Debug|Mixed Platforms.ActiveCfg = Debug|Win32
		{767A1057-B18F-478E-B480-F6F624F9282A}.Debug|Mixed Platforms.Build.0 = Debug|Win32
		{767A1057-B18F-478E-B480-F6F624F9282A}.Debug|Win32.ActiveCfg = Debug|Win32
		{767A1057-B18F-478E-B480-F6F624F9282A}.Debug|Win32.Build.0 = Debug|Win32
		{767A1057-B18F-478E-B480-F6F624F9282A}.Debug|x64.ActiveCfg = Debug|x64
		{767A1057-B18F-478E-B480-F6F624F9282A}.Debug|x64.Build.0 = Debug|x64
		{767A1057-B18F-478E-B480-F6F624F9282A}.Debug|x86.ActiveCfg = Debug|Win32
		{767A1057-B18F-478E-B480-F6F624F9282A}.Debug|x86.Build.0 = Debug|Win32
		{767A1057-B18F-478E-B480-F6F624F9282A}.Production|Any CPU.ActiveCfg = Production|Win32
		{767A1057-B18F-478E-B480-F6F624F9282A}.Production|Mixed Platforms.ActiveCfg = Production|Win32
		{767A1057-B18F-478E-B480-F6F624F9282A}.Production|Mixed Platforms.Build.0 = Production|Win32
		{767A1057-B18F-478E-B480-F6F624F9282A}.Production|Win32.ActiveCfg = Production|Win32
		{767A1057-B18F-478E-B480-F6F624F9282A}.Production|Win32.Build.0 = Production|Win32
		{767A1057-B18F-478E-B480-F6F624F9282A}.Production|x64.ActiveCfg = Production|x64
		{767A1057-B18F-478E-B480-F6F624F9282A}.Production|x64.Build.0 = Production|x64
		{767A1057-B18F-478E-B480-F6F624F9282A}.Production|x86.ActiveCfg = Production|Win32
		{767A1057-B18F-478E-B480-F6F624F9282A}.Production|x86.Build.0 = Production|Win32
		{767A1057-B18F-478E-B480-F6F624F9282A}.Release|Any CPU.ActiveCfg = Release|Win32
		{767A1057-B18F-478E-B480-F6F624F9282A}.Release|Mixed Platforms.ActiveCfg = Release|Win32
		{767A1057-B18F-478E-B480-F6F624F9282A}.Release|Mixed Platforms.Build.0 = Release|Win32
		{767A1057-B18F-478E-B480-F6F624F9282A}.Release|Win32.ActiveCfg = Release|Win32
		{767A1057-B18F-478E-B480-F6F624F9282A}.Release|Win32.Build.0 = Release|Win32
		{767A1057-B18F-478E-B480-F6F624F9282A}.Release|x64.ActiveCfg = Release|x64
		{767A1057-B18F-478E-B480-F6F624F9282A}.Release|x64.Build.0 = Release|x64
		{767A1057-B18F-478E-B480-F6F624F9282A}.Release|x86.ActiveCfg = Release|Win32
		{767A1057-B18F-478E-B480-F6F624F9282A}.Release|x86.Build.0 = Release|Win32
		{787F598D-F96E-48F5-8075-25D31FC7ED60}.Debug|Any CPU.ActiveCfg = Debug|Win32
		{787F598D-F96E-48F5-8075-25D31FC7ED60}.Debug|Mixed Platforms.ActiveCfg = Debug|Win32
		{787F598D-F96E-48F5-8075-25D31FC7ED60}.Debug|Mixed Platforms.Build.0 = Debug|Win32
		{787F598D-F96E-48F5-8075-25D31FC7ED60}.Debug|Win32.ActiveCfg = Debug|Win32
		{787F598D-F96E-48F5-8075-25D31FC7ED60}.Debug|Win32.Build.0 = Debug|Win32
		{787F598D-F96E-48F5-8075-25D31FC7ED60}.Debug|x64.ActiveCfg = Debug|Win32
		{787F598D-F96E-48F5-8075-25D31FC7ED60}.Debug|x86.ActiveCfg = Debug|Win32
		{787F598D-F96E-48F5-8075-25D31FC7ED60}.Debug|x86.Build.0 = Debug|Win32
		{787F598D-F96E-48F5-8075-25D31FC7ED60}.Production|Any CPU.ActiveCfg = Production|Win32
		{787F598D-F96E-48F5-8075-25D31FC7ED60}.Production|Mixed Platforms.ActiveCfg = Production|Win32
		{787F598D-F96E-48F5-8075-25D31FC7ED60}.Production|Mixed Platforms.Build.0 = Production|Win32
		{787F598D-F96E-48F5-8075-25D31FC7ED60}.Production|Win32.ActiveCfg = Production|Win32
		{787F598D-F96E-48F5-8075-25D31FC7ED60}.Production|Win32.Build.0 = Production|Win32
		{787F598D-F96E-48F5-8075-25D31FC7ED60}.Production|x64.ActiveCfg = Production|Win32
		{787F598D-F96E-48F5-8075-25D31FC7ED60}.Production|x86.ActiveCfg = Production|Win32
		{787F598D-F96E-48F5-8075-25D31FC7ED60}.Production|x86.Build.0 = Production|Win32
		{787F598D-F96E-48F5-8075-25D31FC7ED60}.Release|Any CPU.ActiveCfg = Release|Win32
		{787F598D-F96E-48F5-8075-25D31FC7ED60}.Release|Mixed Platforms.ActiveCfg = Release|Win32
		{787F598D-F96E-48F5-8075-25D31FC7ED60}.Release|Mixed Platforms.Build.0 = Release|Win32
		{787F598D-F96E-48F5-8075-25D31FC7ED60}.Release|Win32.ActiveCfg = Release|Win32
		{787F598D-F96E-48F5-8075-25D31FC7ED60}.Release|Win32.Build.0 = Release|Win32
		{787F598D-F96E-48F5-8075-25D31FC7ED60}.Release|x64.ActiveCfg = Release|Win32
		{787F598D-F96E-48F5-8075-25D31FC7ED60}.Release|x86.ActiveCfg = Release|Win32
		{787F598D-F96E-48F5-8075-25D31FC7ED60}.Release|x86.Build.0 = Release|Win32
		{E19019F5-9C2C-4329-AAB5-DB28E39CC0F2}.Debug|Any CPU.ActiveCfg = Debug|Win32
		{E19019F5-9C2C-4329-AAB5-DB28E39CC0F2}.Debug|Mixed Platforms.ActiveCfg = Debug|Win32
		{E19019F5-9C2C-4329-AAB5-DB28E39CC0F2}.Debug|Mixed Platforms.Build.0 = Debug|Win32
		{E19019F5-9C2C-4329-AAB5-DB28E39CC0F2}.Debug|Win32.ActiveCfg = Debug|Win32
		{E19019F5-9C2C-4329-AAB5-DB28E39CC0F2}.Debug|Win32.Build.0 = Debug|Win32
		{E19019F5-9C2C-4329-AAB5-DB28E39CC0F2}.Debug|x64.ActiveCfg = Debug|x64
		{E19019F5-9C2C-4329-AAB5-DB28E39CC0F2}.Debug|x64.Build.0 = Debug|x64
		{E19019F5-9C2C-4329-AAB5-DB28E39CC0F2}.Debug|x86.ActiveCfg = Debug|Win32
		{E19019F5-9C2C-4329-AAB5-DB28E39CC0F2}.Debug|x86.Build.0 = Debug|Win32
		{E19019F5-9C2C-4329-AAB5-DB28E39CC0F2}.Production|Any CPU.ActiveCfg = Production|Win32
		{E19019F5-9C2C-4329-AAB5-DB28E39CC0F2}.Production|Mixed Platforms.ActiveCfg = Production|Win32
		{E19019F5-9C2C-4329-AAB5-DB28E39CC0F2}.Production|Mixed Platforms.Build.0 = Production|Win32
		{E19019F5-9C2C-4329-AAB5-DB28E39CC0F2}.Production|Win32.ActiveCfg = Production|Win32
		{E19019F5-9C2C-4329-AAB5-DB28E39CC0F2}.Production|Win32.Build.0 = Production|Win32
		{E19019F5-9C2C-4329-AAB5-DB28E39CC0F2}.Production|x64.ActiveCfg = Production|x64
		{E19019F5-9C2C-4329-AAB5-DB28E39CC0F2}.Production|x64.Build.0 = Production|x64
		{E19019F5-9C2C-4329-AAB5-DB28E39CC0F2}.Production|x86.ActiveCfg = Production|Win32
		{E19019F5-9C2C-4329-AAB5-DB28E39CC0F2}.Production|x86.Build.0 = Production|Win32
		{E19019F5-9C2C-4329-AAB5-DB28E39CC0F2}.Release|Any CPU.ActiveCfg = Release|Win32
		{E19019F5-9C2C-4329-AAB5-DB28E39CC0F2}.Release|Mixed Platforms.ActiveCfg = Release|Win32
		{E19019F5-9C2C-4329-AAB5-DB28E39CC0F2}.Release|Mixed Platforms.Build.0 = Release|Win32
		{E19019F5-9C2C-4329-AAB5-DB28E39CC0F2}.Release|Win32.ActiveCfg = Release|Win32
		{E19019F5-9C2C-4329-AAB5-DB28E39CC0F2}.Release|Win32.Build.0 = Release|Win32
		{E19019F5-9C2C-4329-AAB5-DB28E39CC0F2}.Release|x64.ActiveCfg = Release|x64
		{E19019F5-9C2C-4329-AAB5-DB28E39CC0F2}.Release|x64.Build.0 = Release|x64
		{E19019F5-9C2C-4329-AAB5-DB28E39CC0F2}.Release|x86.ActiveCfg = Release|Win32
		{E19019F5-9C2C-4329-AAB5-DB28E39CC0F2}.Release|x86.Build.0 = Release|Win32
		{3A62CE69-835E-4D16-86C2-5326625A18BC}.Debug|Any CPU.ActiveCfg = Debug|Win32
		{3A62CE69-835E-4D16-86C2-5326625A18BC}.Debug|Mixed Platforms.ActiveCfg = Debug|Win32
		{3A62CE69-835E-4D16-86C2-5326625A18BC}.Debug|Mixed Platforms.Build.0 = Debug|Win32
		{3A62CE69-835E-4D16-86C2-5326625A18BC}.Debug|Win32.ActiveCfg = Debug|Win32
		{3A62CE69-835E-4D16-86C2-5326625A18BC}.Debug|Win32.Build.0 = Debug|Win32
		{3A62CE69-835E-4D16-86C2-5326625A18BC}.Debug|x64.ActiveCfg = Debug|x64
		{3A62CE69-835E-4D16-86C2-5326625A18BC}.Debug|x64.Build.0 = Debug|x64
		{3A62CE69-835E-4D16-86C2-5326625A18BC}.Debug|x86.ActiveCfg = Debug|Win32
		{3A62CE69-835E-4D16-86C2-5326625A18BC}.Debug|x86.Build.0 = Debug|Win32
		{3A62CE69-835E-4D16-86C2-5326625A18BC}.Production|Any CPU.ActiveCfg = Production|Win32
		{3A62CE69-835E-4D16-86C2-5326625A18BC}.Production|Mixed Platforms.ActiveCfg = Production|Win32
		{3A62CE69-835E-4D16-86C2-5326625A18BC}.Production|Mixed Platforms.Build.0 = Production|Win32
		{3A62CE69-835E-4D16-86C2-5326625A18BC}.Production|Win32.ActiveCfg = Production|Win32
		{3A62CE69-835E-4D16-86C2-5326625A18BC}.Production|Win32.Build.0 = Production|Win32
		{3A62CE69-835E-4D16-86C2-5326625A18BC}.Production|x64.ActiveCfg = Production|x64
		{3A62CE69-835E-4D16-86C2-5326625A18BC}.Production|x64.Build.0 = Production|x64
		{3A62CE69-835E-4D16-86C2-5326625A18BC}.Production|x86.ActiveCfg = Production|Win32
		{3A62CE69-835E-4D16-86C2-5326625A18BC}.Production|x86.Build.0 = Production|Win32
		{3A62CE69-835E-4D16-86C2-5326625A18BC}.Release|Any CPU.ActiveCfg = Release|Win32
		{3A62CE69-835E-4D16-86C2-5326625A18BC}.Release|Mixed Platforms.ActiveCfg = Release|Win32
		{3A62CE69-835E-4D16-86C2-5326625A18BC}.Release|Mixed Platforms.Build.0 = Release|Win32
		{3A62CE69-835E-4D16-86C2-5326625A18BC}.Release|Win32.ActiveCfg = Release|Win32
		{3A62CE69-835E-4D16-86C2-5326625A18BC}.Release|Win32.Build.0 = Release|Win32
		{3A62CE69-835E-4D16-86C2-5326625A18BC}.Release|x64.ActiveCfg = Release|x64
		{3A62CE69-835E-4D16-86C2-5326625A18BC}.Release|x64.Build.0 = Release|x64
		{3A62CE69-835E-4D16-86C2-5326625A18BC}.Release|x86.ActiveCfg = Release|Win32
		{3A62CE69-835E-4D16-86C2-5326625A18BC}.Release|x86.Build.0 = Release|Win32
		{767A1157-B18F-478E-B580-F6F624F9282A}.Debug|Any CPU.ActiveCfg = Debug|Win32
		{767A1157-B18F-478E-B580-F6F624F9282A}.Debug|Mixed Platforms.ActiveCfg = Debug|Win32
		{767A1157-B18F-478E-B580-F6F624F9282A}.Debug|Mixed Platforms.Build.0 = Debug|Win32
		{767A1157-B18F-478E-B580-F6F624F9282A}.Debug|Win32.ActiveCfg = Debug|Win32
		{767A1157-B18F-478E-B580-F6F624F9282A}.Debug|Win32.Build.0 = Debug|Win32
		{767A1157-B18F-478E-B580-F6F624F9282A}.Debug|x64.ActiveCfg = Debug|Win32
		{767A1157-B18F-478E-B580-F6F624F9282A}.Debug|x86.ActiveCfg = Debug|Win32
		{767A1157-B18F-478E-B580-F6F624F9282A}.Debug|x86.Build.0 = Debug|Win32
		{767A1157-B18F-478E-B580-F6F624F9282A}.Production|Any CPU.ActiveCfg = Production|Win32
		{767A1157-B18F-478E-B580-F6F624F9282A}.Production|Mixed Platforms.ActiveCfg = Production|Win32
		{767A1157-B18F-478E-B580-F6F624F9282A}.Production|Mixed Platforms.Build.0 = Production|Win32
		{767A1157-B18F-478E-B580-F6F624F9282A}.Production|Win32.ActiveCfg = Production|Win32
		{767A1157-B18F-478E-B580-F6F624F9282A}.Production|Win32.Build.0 = Production|Win32
		{767A1157-B18F-478E-B580-F6F624F9282A}.Production|x64.ActiveCfg = Production|Win32
		{767A1157-B18F-478E-B580-F6F624F9282A}.Production|x86.ActiveCfg = Production|Win32
		{767A1157-B18F-478E-B580-F6F624F9282A}.Production|x86.Build.0 = Production|Win32
		{767A1157-B18F-478E-B580-F6F624F9282A}.Release|Any CPU.ActiveCfg = Release|Win32
		{767A1157-B18F-478E-B580-F6F624F9282A}.Release|Mixed Platforms.ActiveCfg = Release|Win32
		{767A1157-B18F-478E-B580-F6F624F9282A}.Release|Mixed Platforms.Build.0 = Release|Win32
		{767A1157-B18F-478E-B580-F6F624F9282A}.Release|Win32.ActiveCfg = Release|Win32
		{767A1157-B18F-478E-B580-F6F624F9282A}.Release|Win32.Build.0 = Release|Win32
		{767A1157-B18F-478E-B580-F6F624F9282A}.Release|x64.ActiveCfg = Release|Win32
		{767A1157-B18F-478E-B580-F6F624F9282A}.Release|x86.ActiveCfg = Release|Win32
		{767A1157-B18F-478E-B580-F6F624F9282A}.Release|x86.Build.0 = Release|Win32
		{C26BF2C8-D6C3-441A-83AA-9BA656CDF41C}.Debug|Any CPU.ActiveCfg = Debug|Win32
		{C26BF2C8-D6C3-441A-83AA-9BA656CDF41C}.Debug|Mixed Platforms.ActiveCfg = Debug|Win32
		{C26BF2C8-D6C3-441A-83AA-9BA656CDF41C}.Debug|Mixed Platforms.Build.0 = Debug|Win32
		{C26BF2C8-D6C3-441A-83AA-9BA656CDF41C}.Debug|Win32.ActiveCfg = Debug|Win32
		{C26BF2C8-D6C3-441A-83AA-9BA656CDF41C}.Debug|Win32.Build.0 = Debug|Win32
		{C26BF2C8-D6C3-441A-83AA-9BA656CDF41C}.Debug|x64.ActiveCfg = Debug|x64
		{C26BF2C8-D6C3-441A-83AA-9BA656CDF41C}.Debug|x64.Build.0 = Debug|x64
		{C26BF2C8-D6C3-441A-83AA-9BA656CDF41C}.Debug|x86.ActiveCfg = Debug|Win32
		{C26BF2C8-D6C3-441A-83AA-9BA656CDF41C}.Debug|x86.Build.0 = Debug|Win32
		{C26BF2C8-D6C3-441A-83AA-9BA656CDF41C}.Production|Any CPU.ActiveCfg = Production|Win32
		{C26BF2C8-D6C3-441A-83AA-9BA656CDF41C}.Production|Mixed Platforms.ActiveCfg = Production|Win32
		{C26BF2C8-D6C3-441A-83AA-9BA656CDF41C}.Production|Mixed Platforms.Build.0 = Production|Win32
		{C26BF2C8-D6C3-441A-83AA-9BA656CDF41C}.Production|Win32.ActiveCfg = Production|Win32
		{C26BF2C8-D6C3-441A-83AA-9BA656CDF41C}.Production|Win32.Build.0 = Production|Win32
		{C26BF2C8-D6C3-441A-83AA-9BA656CDF41C}.Production|x64.ActiveCfg = Production|x64
		{C26BF2C8-D6C3-441A-83AA-9BA656CDF41C}.Production|x64.Build.0 = Production|x64
		{C26BF2C8-D6C3-441A-83AA-9BA656CDF41C}.Production|x86.ActiveCfg = Production|Win32
		{C26BF2C8-D6C3-441A-83AA-9BA656CDF41C}.Production|x86.Build.0 = Production|Win32
		{C26BF2C8-D6C3-441A-83AA-9BA656CDF41C}.Release|Any CPU.ActiveCfg = Release|Win32
		{C26BF2C8-D6C3-441A-83AA-9BA656CDF41C}.Release|Mixed Platforms.ActiveCfg = Release|Win32
		{C26BF2C8-D6C3-441A-83AA-9BA656CDF41C}.Release|Mixed Platforms.Build.0 = Release|Win32
		{C26BF2C8-D6C3-441A-83AA-9BA656CDF41C}.Release|Win32.ActiveCfg = Release|Win32
		{C26BF2C8-D6C3-441A-83AA-9BA656CDF41C}.Release|Win32.Build.0 = Release|Win32
		{C26BF2C8-D6C3-441A-83AA-9BA656CDF41C}.Release|x64.ActiveCfg = Release|x64
		{C26BF2C8-D6C3-441A-83AA-9BA656CDF41C}.Release|x64.Build.0 = Release|x64
		{C26BF2C8-D6C3-441A-83AA-9BA656CDF41C}.Release|x86.ActiveCfg = Release|Win32
		{C26BF2C8-D6C3-441A-83AA-9BA656CDF41C}.Release|x86.Build.0 = Release|Win32
		{DBE8E33A-7E70-402C-BCF6-D1EFEE93FA76}.Debug|Any CPU.ActiveCfg = Debug|Win32
		{DBE8E33A-7E70-402C-BCF6-D1EFEE93FA76}.Debug|Mixed Platforms.ActiveCfg = Debug|Win32
		{DBE8E33A-7E70-402C-BCF6-D1EFEE93FA76}.Debug|Mixed Platforms.Build.0 = Debug|Win32
		{DBE8E33A-7E70-402C-BCF6-D1EFEE93FA76}.Debug|Win32.ActiveCfg = Debug|Win32
		{DBE8E33A-7E70-402C-BCF6-D1EFEE93FA76}.Debug|Win32.Build.0 = Debug|Win32
		{DBE8E33A-7E70-402C-BCF6-D1EFEE93FA76}.Debug|x64.ActiveCfg = Debug|x64
		{DBE8E33A-7E70-402C-BCF6-D1EFEE93FA76}.Debug|x64.Build.0 = Debug|x64
		{DBE8E33A-7E70-402C-BCF6-D1EFEE93FA76}.Debug|x86.ActiveCfg = Debug|Win32
		{DBE8E33A-7E70-402C-BCF6-D1EFEE93FA76}.Debug|x86.Build.0 = Debug|Win32
		{DBE8E33A-7E70-402C-BCF6-D1EFEE93FA76}.Production|Any CPU.ActiveCfg = Production|Win32
		{DBE8E33A-7E70-402C-BCF6-D1EFEE93FA76}.Production|Mixed Platforms.ActiveCfg = Production|Win32
		{DBE8E33A-7E70-402C-BCF6-D1EFEE93FA76}.Production|Mixed Platforms.Build.0 = Production|Win32
		{DBE8E33A-7E70-402C-BCF6-D1EFEE93FA76}.Production|Win32.ActiveCfg = Production|Win32
		{DBE8E33A-7E70-402C-BCF6-D1EFEE93FA76}.Production|Win32.Build.0 = Production|Win32
		{DBE8E33A-7E70-402C-BCF6-D1EFEE93FA76}.Production|x64.ActiveCfg = Production|x64
		{DBE8E33A-7E70-402C-BCF6-D1EFEE93FA76}.Production|x64.Build.0 = Production|x64
		{DBE8E33A-7E70-402C-BCF6-D1EFEE93FA76}.Production|x86.ActiveCfg = Production|Win32
		{DBE8E33A-7E70-402C-BCF6-D1EFEE93FA76}.Production|x86.Build.0 = Production|Win32
		{DBE8E33A-7E70-402C-BCF6-D1EFEE93FA76}.Release|Any CPU.ActiveCfg = Release|Win32
		{DBE8E33A-7E70-402C-BCF6-D1EFEE93FA76}.Release|Mixed Platforms.ActiveCfg = Release|Win32
		{DBE8E33A-7E70-402C-BCF6-D1EFEE93FA76}.Release|Mixed Platforms.Build.0 = Release|Win32
		{DBE8E33A-7E70-402C-BCF6-D1EFEE93FA76}.Release|Win32.ActiveCfg = Release|Win32
		{DBE8E33A-7E70-402C-BCF6-D1EFEE93FA76}.Release|Win32.Build.0 = Release|Win32
		{DBE8E33A-7E70-402C-BCF6-D1EFEE93FA76}.Release|x64.ActiveCfg = Release|x64
		{DBE8E33A-7E70-402C-BCF6-D1EFEE93FA76}.Release|x64.Build.0 = Release|x64
		{DBE8E33A-7E70-402C-BCF6-D1EFEE93FA76}.Release|x86.ActiveCfg = Release|Win32
		{DBE8E33A-7E70-402C-BCF6-D1EFEE93FA76}.Release|x86.Build.0 = Release|Win32
		{7F8C9F5B-F221-4F5E-BC87-427059CEA20C}.Debug|Any CPU.ActiveCfg = Debug|Any CPU
		{7F8C9F5B-F221-4F5E-BC87-427059CEA20C}.Debug|Any CPU.Build.0 = Debug|Any CPU
		{7F8C9F5B-F221-4F5E-BC87-427059CEA20C}.Debug|Mixed Platforms.ActiveCfg = Debug|Any CPU
		{7F8C9F5B-F221-4F5E-BC87-427059CEA20C}.Debug|Mixed Platforms.Build.0 = Debug|Any CPU
		{7F8C9F5B-F221-4F5E-BC87-427059CEA20C}.Debug|Win32.ActiveCfg = Debug|Any CPU
		{7F8C9F5B-F221-4F5E-BC87-427059CEA20C}.Debug|x64.ActiveCfg = Debug|Any CPU
		{7F8C9F5B-F221-4F5E-BC87-427059CEA20C}.Debug|x86.ActiveCfg = Debug|Any CPU
		{7F8C9F5B-F221-4F5E-BC87-427059CEA20C}.Production|Any CPU.ActiveCfg = Release|Any CPU
		{7F8C9F5B-F221-4F5E-BC87-427059CEA20C}.Production|Any CPU.Build.0 = Release|Any CPU
		{7F8C9F5B-F221-4F5E-BC87-427059CEA20C}.Production|Mixed Platforms.ActiveCfg = Release|Any CPU
		{7F8C9F5B-F221-4F5E-BC87-427059CEA20C}.Production|Mixed Platforms.Build.0 = Release|Any CPU
		{7F8C9F5B-F221-4F5E-BC87-427059CEA20C}.Production|Win32.ActiveCfg = Release|Any CPU
		{7F8C9F5B-F221-4F5E-BC87-427059CEA20C}.Production|x64.ActiveCfg = Release|Any CPU
		{7F8C9F5B-F221-4F5E-BC87-427059CEA20C}.Production|x86.ActiveCfg = Release|Any CPU
		{7F8C9F5B-F221-4F5E-BC87-427059CEA20C}.Release|Any CPU.ActiveCfg = Release|Any CPU
		{7F8C9F5B-F221-4F5E-BC87-427059CEA20C}.Release|Any CPU.Build.0 = Release|Any CPU
		{7F8C9F5B-F221-4F5E-BC87-427059CEA20C}.Release|Mixed Platforms.ActiveCfg = Release|Any CPU
		{7F8C9F5B-F221-4F5E-BC87-427059CEA20C}.Release|Mixed Platforms.Build.0 = Release|Any CPU
		{7F8C9F5B-F221-4F5E-BC87-427059CEA20C}.Release|Win32.ActiveCfg = Release|Any CPU
		{7F8C9F5B-F221-4F5E-BC87-427059CEA20C}.Release|x64.ActiveCfg = Release|Any CPU
		{7F8C9F5B-F221-4F5E-BC87-427059CEA20C}.Release|x86.ActiveCfg = Release|Any CPU
	EndGlobalSection
	GlobalSection(SolutionProperties) = preSolution
		HideSolutionNode = FALSE
	EndGlobalSection
	GlobalSection(NestedProjects) = preSolution
		{794091F8-0525-45D6-BC83-F57D74EAAED6} = {7B55EEC2-370E-4428-9635-4F369CB5528B}
		{B02DD64B-E35F-47ED-AB64-89C640CEF087} = {7B55EEC2-370E-4428-9635-4F369CB5528B}
		{7D54B8C6-15C0-4AF3-BD00-F6F687611405} = {3CA7A051-B49D-4428-8091-D0806ED51736}
		{9A6E4795-3B62-468F-8B03-DA9FEA6B464C} = {797041EE-A902-4736-BD14-B31477575EA7}
		{9E1559FE-708C-4ADF-B302-EE0491C74FBE} = {797041EE-A902-4736-BD14-B31477575EA7}
		{31EABB58-DEAB-4A59-91DC-CE7B18D5DC12} = {0E64CB1E-FCD8-4C0E-8613-9E4EE94E4FDC}
		{50A09666-C800-48B7-BCDF-7FF29F83155E} = {0E64CB1E-FCD8-4C0E-8613-9E4EE94E4FDC}
		{999CACA0-E417-4AC0-885A-3D210EC2DF0E} = {0E64CB1E-FCD8-4C0E-8613-9E4EE94E4FDC}
		{29F38801-DAC8-4DC6-98DA-2E28940C4073} = {28A014EE-4E3F-4DDE-9D06-AB82419AE62D}
		{CEF3DC4A-BDA7-4C74-A655-CB74511A1EC0} = {CF73CEFA-F4F1-4778-9D87-5476DA466332}
		{81266CB3-406E-4F01-9DAA-B99B6E1B0DDC} = {3594C2CE-E99A-4165-815D-B67817A9C23B}
		{9F87A6BF-269D-499B-A5B0-EA61445FDD50} = {3594C2CE-E99A-4165-815D-B67817A9C23B}
		{B45F9232-8734-48EA-AC16-29F41866D676} = {6CADF8C9-9976-48A9-B1E7-DA33B1691D91}
		{35D4371C-B7A6-4FC4-ABA3-0BE750125CE3} = {146BC20D-E37B-4890-A2AD-BAA1F10A10FE}
		{B45F9232-8734-47EA-AC16-29F418D6D676} = {146BC20D-E37B-4890-A2AD-BAA1F10A10FE}
		{767A1057-B18F-478E-B480-F6F624F9282A} = {146BC20D-E37B-4890-A2AD-BAA1F10A10FE}
		{787F598D-F96E-48F5-8075-25D31FC7ED60} = {146BC20D-E37B-4890-A2AD-BAA1F10A10FE}
		{E19019F5-9C2C-4329-AAB5-DB28E39CC0F2} = {6CADF8C9-9976-48A9-B1E7-DA33B1691D91}
		{3A62CE69-835E-4D16-86C2-5326625A18BC} = {CF477249-7B75-410A-AEC8-30B39724589B}
		{767A1157-B18F-478E-B580-F6F624F9282A} = {CF477249-7B75-410A-AEC8-30B39724589B}
		{C26BF2C8-D6C3-441A-83AA-9BA656CDF41C} = {CF477249-7B75-410A-AEC8-30B39724589B}
		{DBE8E33A-7E70-402C-BCF6-D1EFEE93FA76} = {CF477249-7B75-410A-AEC8-30B39724589B}
		{7F8C9F5B-F221-4F5E-BC87-427059CEA20C} = {EDAF8AA5-5985-46D9-91E7-03963201BC02}
	EndGlobalSection
EndGlobal
