
Microsoft Visual Studio Solution File, Format Version 11.00
# Visual Studio 2010
Project("{FAE04EC0-301F-11D3-BF4B-00C04F79EFBC}") = "ErrorDialog", "ErrorDialog.csproj", "{7D54B8C6-15C0-4AF3-BD00-F6F687611405}"
EndProject
Global
	GlobalSection(SolutionConfigurationPlatforms) = preSolution
		Debug|Any CPU = Debug|Any CPU
		Release|Any CPU = Release|Any CPU
	EndGlobalSection
	GlobalSection(ProjectConfigurationPlatforms) = postSolution
		{7D54B8C6-15C0-4AF3-BD00-F6F687611405}.Debug|Any CPU.ActiveCfg = Debug|Any CPU
		{7D54B8C6-15C0-4AF3-BD00-F6F687611405}.Debug|Any CPU.Build.0 = Debug|Any CPU
		{7D54B8C6-15C0-4AF3-BD00-F6F687611405}.Release|Any CPU.ActiveCfg = Release|Any CPU
		{7D54B8C6-15C0-4AF3-BD00-F6F687611405}.Release|Any CPU.Build.0 = Release|Any CPU
	EndGlobalSection
	GlobalSection(SolutionProperties) = preSolution
		HideSolutionNode = FALSE
	EndGlobalSection
EndGlobal
